
Microsoft Visual Studio Solution File, Format Version 12.00
# Visual Studio Version 17
VisualStudioVersion = 17.2.32602.215
MinimumVisualStudioVersion = 10.0.40219.1
Project("{FAE04EC0-301F-11D3-BF4B-00C04F79EFBC}") = "TemplateCommandLine", "TemplateCommandLine\TemplateCommandLine.csproj", "{08A6B483-404D-4F97-864B-E8EF803C4E55}"
EndProject
Global
	GlobalSection(SolutionConfigurationPlatforms) = preSolution
		Debug|Any CPU = Debug|Any CPU
		Release|Any CPU = Release|Any CPU
	EndGlobalSection
	GlobalSection(ProjectConfigurationPlatforms) = postSolution
		{08A6B483-404D-4F97-864B-E8EF803C4E55}.Debug|Any CPU.ActiveCfg = Debug|Any CPU
		{08A6B483-404D-4F97-864B-E8EF803C4E55}.Debug|Any CPU.Build.0 = Debug|Any CPU
		{08A6B483-404D-4F97-864B-E8EF803C4E55}.Release|Any CPU.ActiveCfg = Release|Any CPU
		{08A6B483-404D-4F97-864B-E8EF803C4E55}.Release|Any CPU.Build.0 = Release|Any CPU
	EndGlobalSection
	GlobalSection(SolutionProperties) = preSolution
		HideSolutionNode = FALSE
	EndGlobalSection
	GlobalSection(ExtensibilityGlobals) = postSolution
		SolutionGuid = {D159EF2C-32F5-4908-8684-5EC8546A3BB8}
	EndGlobalSection
EndGlobal
